
Microsoft Visual Studio Solution File, Format Version 12.00
# Visual Studio Version 16
VisualStudioVersion = 16.0.29609.76
MinimumVisualStudioVersion = 10.0.40219.1
Project("{FAE04EC0-301F-11D3-BF4B-00C04F79EFBC}") = "Decorator", "Decorator\Decorator.csproj", "{A861546C-C76C-4E20-8280-672715331118}"
EndProject
Global
	GlobalSection(SolutionConfigurationPlatforms) = preSolution
		Debug|Any CPU = Debug|Any CPU
		Release|Any CPU = Release|Any CPU
	EndGlobalSection
	GlobalSection(ProjectConfigurationPlatforms) = postSolution
		{A861546C-C76C-4E20-8280-672715331118}.Debug|Any CPU.ActiveCfg = Debug|Any CPU
		{A861546C-C76C-4E20-8280-672715331118}.Debug|Any CPU.Build.0 = Debug|Any CPU
		{A861546C-C76C-4E20-8280-672715331118}.Release|Any CPU.ActiveCfg = Release|Any CPU
		{A861546C-C76C-4E20-8280-672715331118}.Release|Any CPU.Build.0 = Release|Any CPU
	EndGlobalSection
	GlobalSection(SolutionProperties) = preSolution
		HideSolutionNode = FALSE
	EndGlobalSection
	GlobalSection(ExtensibilityGlobals) = postSolution
		SolutionGuid = {F446B3F9-C6D0-4C2E-A0AB-F3170A47EEAB}
	EndGlobalSection
EndGlobal
